
Microsoft Visual Studio Solution File, Format Version 12.00
# Visual Studio 15
VisualStudioVersion = 15.0.28307.106
MinimumVisualStudioVersion = 10.0.40219.1
Project("{FAE04EC0-301F-11D3-BF4B-00C04F79EFBC}") = "IntersectingDiscs", "IntersectingDiscs\IntersectingDiscs.csproj", "{CA66BFB1-F1FA-49D2-A44F-8BC745306700}"
EndProject
Global
	GlobalSection(SolutionConfigurationPlatforms) = preSolution
		Debug|Any CPU = Debug|Any CPU
		Release|Any CPU = Release|Any CPU
	EndGlobalSection
	GlobalSection(ProjectConfigurationPlatforms) = postSolution
		{CA66BFB1-F1FA-49D2-A44F-8BC745306700}.Debug|Any CPU.ActiveCfg = Debug|Any CPU
		{CA66BFB1-F1FA-49D2-A44F-8BC745306700}.Debug|Any CPU.Build.0 = Debug|Any CPU
		{CA66BFB1-F1FA-49D2-A44F-8BC745306700}.Release|Any CPU.ActiveCfg = Release|Any CPU
		{CA66BFB1-F1FA-49D2-A44F-8BC745306700}.Release|Any CPU.Build.0 = Release|Any CPU
	EndGlobalSection
	GlobalSection(SolutionProperties) = preSolution
		HideSolutionNode = FALSE
	EndGlobalSection
	GlobalSection(ExtensibilityGlobals) = postSolution
		SolutionGuid = {11796617-B900-4B59-9874-F5A3FB6D3164}
	EndGlobalSection
EndGlobal
